
Microsoft Visual Studio Solution File, Format Version 12.00
Project("{FAE04EC0-301F-11D3-BF4B-00C04F79EFBC}") = "kolokwium1", "kolokwium1\kolokwium1.csproj", "{CE6925F2-AAC0-4524-9295-236BE5A23475}"
EndProject
Global
	GlobalSection(SolutionConfigurationPlatforms) = preSolution
		Debug|Any CPU = Debug|Any CPU
		Release|Any CPU = Release|Any CPU
	EndGlobalSection
	GlobalSection(ProjectConfigurationPlatforms) = postSolution
		{CE6925F2-AAC0-4524-9295-236BE5A23475}.Debug|Any CPU.ActiveCfg = Debug|Any CPU
		{CE6925F2-AAC0-4524-9295-236BE5A23475}.Debug|Any CPU.Build.0 = Debug|Any CPU
		{CE6925F2-AAC0-4524-9295-236BE5A23475}.Release|Any CPU.ActiveCfg = Release|Any CPU
		{CE6925F2-AAC0-4524-9295-236BE5A23475}.Release|Any CPU.Build.0 = Release|Any CPU
	EndGlobalSection
EndGlobal
